<?xml version="1.0" encoding="UTF-8" standalone="yes" ?>
<CodeBlocks_project_file>
	<FileVersion major="1" minor="6" />
	<Project>
		<Option title="screenshot" />
		<Option pch_mode="2" />
		<Option compiler="msvctk" />
		<Build>
			<Target title="Debug">
				<Option output="bin\Debug\screenshot.exe" prefix_auto="1" extension_auto="1" />
				<Option object_output="obj\Debug\" />
				<Option type="1" />
				<Option compiler="msvctk" />
				<Compiler>
					<Add option="/MLd" />
					<Add option="/Zi /D_DEBUG" />
					<Add option="/Zi" />
					<Add option="/D_DEBUG" />
				</Compiler>
				<Linker>
					<Add option="/DEBUG" />
					<Add library="GDI32.lib" />
					<Add library="Advapi32.lib" />
				</Linker>
			</Target>
			<Target title="Release">
				<Option output="bin\Release\screenshot.exe" prefix_auto="1" extension_auto="1" />
				<Option object_output="obj\Release\" />
				<Option type="1" />
				<Option compiler="msvctk" />
				<Option projectLinkerOptionsRelation="1" />
				<Compiler>
					<Add option="/ML" />
					<Add option="/Ox" />
					<Add option="/Og" />
					<Add option="/DNDEBUG" />
				</Compiler>
				<Linker>
					<Add library="GDI32.lib" />
					<Add library="Advapi32.lib" />
				</Linker>
			</Target>
		</Build>
		<Compiler>
			<Add option="/W3" />
			<Add option="/EHsc" />
		</Compiler>
		<Unit filename="main.cpp" />
		<Extensions>
			<code_completion />
			<envvars />
		</Extensions>
	</Project>
</CodeBlocks_project_file>
